
Microsoft Visual Studio Solution File, Format Version 12.00
# Visual Studio Version 17
VisualStudioVersion = 17.4.33213.308
MinimumVisualStudioVersion = 10.0.40219.1
Project("{FAE04EC0-301F-11D3-BF4B-00C04F79EFBC}") = "10percents", "10percents\10percents.csproj", "{BA5B84A1-C62E-4A47-B50A-252A696B04A8}"
EndProject
Global
	GlobalSection(SolutionConfigurationPlatforms) = preSolution
		Debug|Any CPU = Debug|Any CPU
		Release|Any CPU = Release|Any CPU
	EndGlobalSection
	GlobalSection(ProjectConfigurationPlatforms) = postSolution
		{BA5B84A1-C62E-4A47-B50A-252A696B04A8}.Debug|Any CPU.ActiveCfg = Debug|Any CPU
		{BA5B84A1-C62E-4A47-B50A-252A696B04A8}.Debug|Any CPU.Build.0 = Debug|Any CPU
		{BA5B84A1-C62E-4A47-B50A-252A696B04A8}.Release|Any CPU.ActiveCfg = Release|Any CPU
		{BA5B84A1-C62E-4A47-B50A-252A696B04A8}.Release|Any CPU.Build.0 = Release|Any CPU
	EndGlobalSection
	GlobalSection(SolutionProperties) = preSolution
		HideSolutionNode = FALSE
	EndGlobalSection
	GlobalSection(ExtensibilityGlobals) = postSolution
		SolutionGuid = {3C6F3566-DDB1-4C72-8182-1143B12A1766}
	EndGlobalSection
EndGlobal
